version = 1
revision = 3
requires-python = ">=3.12"

[[package]]
name = "punch"
version = "0.1.0"
source = { virtual = "." }
dependencies = [
    { name = "svg-py" },
]

[package.metadata]
requires-dist = [{ name = "svg-py", specifier = ">=1.9.2" }]

[[package]]
name = "svg-py"
version = "1.9.2"
source = { registry = "https://pypi.org/simple" }
sdist = { url = "https://files.pythonhosted.org/packages/1f/42/20b79492579b45437d29231f65356728e6208846924ef4ced86e88a0f31b/svg_py-1.9.2.tar.gz", hash = "sha256:22b9881c580f55bf9d02e1a2c2d65ed05ed7d8a7d5467e847c5e1197ae0e3a9f", size = 43711, upload-time = "2025-10-18T09:01:04.938Z" }
wheels = [
    { url = "https://files.pythonhosted.org/packages/f8/74/86c10415be3767718311763a1023717ebd9f929470e97a898c96b7c3f64b/svg_py-1.9.2-py3-none-any.whl", hash = "sha256:9178310947b62f0f2b41d1248a734c25ddf4df87d817c17f048d06fe18fcbf46", size = 15142, upload-time = "2025-10-18T09:01:02.792Z" },
]
